
Microsoft Visual Studio Solution File, Format Version 12.00
# Visual Studio Version 16
VisualStudioVersion = 16.0.34301.259
MinimumVisualStudioVersion = 10.0.40219.1
Project("{FAE04EC0-301F-11D3-BF4B-00C04F79EFBC}") = "LarguraAlturaRetanguloSOO", "LarguraAlturaRetanguloSOO.csproj", "{84EB7D58-6289-4CF2-AAE8-77690933CFEF}"
EndProject
Global
	GlobalSection(SolutionConfigurationPlatforms) = preSolution
		Debug|Any CPU = Debug|Any CPU
		Release|Any CPU = Release|Any CPU
	EndGlobalSection
	GlobalSection(ProjectConfigurationPlatforms) = postSolution
		{84EB7D58-6289-4CF2-AAE8-77690933CFEF}.Debug|Any CPU.ActiveCfg = Debug|Any CPU
		{84EB7D58-6289-4CF2-AAE8-77690933CFEF}.Debug|Any CPU.Build.0 = Debug|Any CPU
		{84EB7D58-6289-4CF2-AAE8-77690933CFEF}.Release|Any CPU.ActiveCfg = Release|Any CPU
		{84EB7D58-6289-4CF2-AAE8-77690933CFEF}.Release|Any CPU.Build.0 = Release|Any CPU
	EndGlobalSection
	GlobalSection(SolutionProperties) = preSolution
		HideSolutionNode = FALSE
	EndGlobalSection
	GlobalSection(ExtensibilityGlobals) = postSolution
		SolutionGuid = {B11BB768-BF0A-4D05-840C-65C8A02D0657}
	EndGlobalSection
EndGlobal
